
Microsoft Visual Studio Solution File, Format Version 12.00
# Visual Studio Version 17
VisualStudioVersion = 17.2.32516.85
MinimumVisualStudioVersion = 10.0.40219.1
Project("{FAE04EC0-301F-11D3-BF4B-00C04F79EFBC}") = "ReactProject", "ReactProject\ReactProject.csproj", "{ACE48F32-8D39-455E-A196-EAC732285939}"
EndProject
Global
	GlobalSection(SolutionConfigurationPlatforms) = preSolution
		Debug|Any CPU = Debug|Any CPU
		Release|Any CPU = Release|Any CPU
	EndGlobalSection
	GlobalSection(ProjectConfigurationPlatforms) = postSolution
		{ACE48F32-8D39-455E-A196-EAC732285939}.Debug|Any CPU.ActiveCfg = Debug|Any CPU
		{ACE48F32-8D39-455E-A196-EAC732285939}.Debug|Any CPU.Build.0 = Debug|Any CPU
		{ACE48F32-8D39-455E-A196-EAC732285939}.Release|Any CPU.ActiveCfg = Release|Any CPU
		{ACE48F32-8D39-455E-A196-EAC732285939}.Release|Any CPU.Build.0 = Release|Any CPU
	EndGlobalSection
	GlobalSection(SolutionProperties) = preSolution
		HideSolutionNode = FALSE
	EndGlobalSection
	GlobalSection(ExtensibilityGlobals) = postSolution
		SolutionGuid = {CAD7F6B0-5EDA-479F-B577-D15962BA73D1}
	EndGlobalSection
EndGlobal
